PODS:
  - AFNetworking (3.1.0):
    - AFNetworking/NSURLSession (= 3.1.0)
    - AFNetworking/Reachability (= 3.1.0)
    - AFNetworking/Security (= 3.1.0)
    - AFNetworking/Serialization (= 3.1.0)
    - AFNetworking/UIKit (= 3.1.0)
  - AFNetworking/NSURLSession (3.1.0):
    - AFNetworking/Reachability
    - AFNetworking/Security
    - AFNetworking/Serialization
  - AFNetworking/Reachability (3.1.0)
  - AFNetworking/Security (3.1.0)
  - AFNetworking/Serialization (3.1.0)
  - AFNetworking/UIKit (3.1.0):
    - AFNetworking/NSURLSession
  - Expecta (1.0.5)
  - IPQueueDispatcher (0.1.0):
    - AFNetworking
    - MagicalRecord
  - MagicalRecord (2.3.2):
    - MagicalRecord/Core (= 2.3.2)
  - MagicalRecord/Core (2.3.2)
  - Specta (1.0.5)

DEPENDENCIES:
  - Expecta
  - IPQueueDispatcher (from `../`)
  - Specta

EXTERNAL SOURCES:
  IPQueueDispatcher:
    :path: "../"

SPEC CHECKSUMS:
  AFNetworking: 5e0e199f73d8626b11e79750991f5d173d1f8b67
  Expecta: e1c022fcd33910b6be89c291d2775b3fe27a89fe
  IPQueueDispatcher: 637a51f13889a52918f974def34fefcabcfb5250
  MagicalRecord: 53bed74b4323b930992a725be713e53b37d19755
  Specta: ac94d110b865115fe60ff2c6d7281053c6f8e8a2

PODFILE CHECKSUM: dde058f16950302b5ef3326ff96088df1e3f811c

COCOAPODS: 1.0.1
